// !$*UTF8*$!
{
	archiveVersion = 1;
	classes = {
	};
	objectVersion = 46;
	objects = {

/* Begin PBXBuildFile section */
		7D7C7E9A1DC51E8300BBAFCC /* TweetsViewController.swift in Sources */ = {isa = PBXBuildFile; fileRef = 7D7C7E991DC51E8300BBAFCC /* TweetsViewController.swift */; };
		7D7C7E9D1DC5C49600BBAFCC /* TweetCell.swift in Sources */ = {isa = PBXBuildFile; fileRef = 7D7C7E9C1DC5C49600BBAFCC /* TweetCell.swift */; };
		7D7C7EA01DC5E7D800BBAFCC /* UIColor+Twitter.swift in Sources */ = {isa = PBXBuildFile; fileRef = 7D7C7E9F1DC5E7D800BBAFCC /* UIColor+Twitter.swift */; };
		7D9BF41D1DC1CCAB000B3833 /* LoginViewController.swift in Sources */ = {isa = PBXBuildFile; fileRef = 7D9BF41C1DC1CCAB000B3833 /* LoginViewController.swift */; };
		7DBA1C8C1DCD70310000EFB3 /* HamburgerViewController.swift in Sources */ = {isa = PBXBuildFile; fileRef = 7DBA1C8B1DCD70310000EFB3 /* HamburgerViewController.swift */; };
		7DBA1C8E1DCD8CA20000EFB3 /* MenuViewController.swift in Sources */ = {isa = PBXBuildFile; fileRef = 7DBA1C8D1DCD8CA20000EFB3 /* MenuViewController.swift */; };
		7DBA1C901DCD90140000EFB3 /* ProfileViewController.swift in Sources */ = {isa = PBXBuildFile; fileRef = 7DBA1C8F1DCD90140000EFB3 /* ProfileViewController.swift */; };
		7DBA1C921DCD90350000EFB3 /* MentionsViewController.swift in Sources */ = {isa = PBXBuildFile; fileRef = 7DBA1C911DCD90350000EFB3 /* MentionsViewController.swift */; };
		7DBA1C941DCD92E00000EFB3 /* MenuCell.swift in Sources */ = {isa = PBXBuildFile; fileRef = 7DBA1C931DCD92E00000EFB3 /* MenuCell.swift */; };
		7DBEDD001DC1C8AA00CAC6D3 /* AppDelegate.swift in Sources */ = {isa = PBXBuildFile; fileRef = 7DBEDCFF1DC1C8AA00CAC6D3 /* AppDelegate.swift */; };
		7DBEDD051DC1C8AA00CAC6D3 /* Main.storyboard in Resources */ = {isa = PBXBuildFile; fileRef = 7DBEDD031DC1C8AA00CAC6D3 /* Main.storyboard */; };
		7DBEDD071DC1C8AA00CAC6D3 /* Assets.xcassets in Resources */ = {isa = PBXBuildFile; fileRef = 7DBEDD061DC1C8AA00CAC6D3 /* Assets.xcassets */; };
		7DBEDD0A1DC1C8AA00CAC6D3 /* LaunchScreen.storyboard in Resources */ = {isa = PBXBuildFile; fileRef = 7DBEDD081DC1C8AA00CAC6D3 /* LaunchScreen.storyboard */; };
		7DC3AC8D1DC328C2004353C2 /* User.swift in Sources */ = {isa = PBXBuildFile; fileRef = 7DC3AC8C1DC328C2004353C2 /* User.swift */; };
		7DC3AC8F1DC328D6004353C2 /* Tweet.swift in Sources */ = {isa = PBXBuildFile; fileRef = 7DC3AC8E1DC328D6004353C2 /* Tweet.swift */; };
		7DC3AC931DC413EA004353C2 /* TwitterClient.swift in Sources */ = {isa = PBXBuildFile; fileRef = 7DC3AC921DC413EA004353C2 /* TwitterClient.swift */; };
		7DCBFDEE1DC69A78006C6178 /* ReplyTweetFirstCell.swift in Sources */ = {isa = PBXBuildFile; fileRef = 7DCBFDED1DC69A78006C6178 /* ReplyTweetFirstCell.swift */; };
		7DCBFDF41DC69B34006C6178 /* NewTweetViewController.swift in Sources */ = {isa = PBXBuildFile; fileRef = 7DCBFDF31DC69B34006C6178 /* NewTweetViewController.swift */; };
		7DF8FD031DC6BC2300EB5CD9 /* DetailTweetViewController.swift in Sources */ = {isa = PBXBuildFile; fileRef = 7DF8FD021DC6BC2300EB5CD9 /* DetailTweetViewController.swift */; };
		C043D4803F6F0D9919095BE6 /* Pods_TwitterClone.framework in Frameworks */ = {isa = PBXBuildFile; fileRef = 6EC88A72C04D97C719D08DB2 /* Pods_TwitterClone.framework */; };
/* End PBXBuildFile section */

/* Begin PBXFileReference section */
		2E6FE966D4824FF6D593EA74 /* Pods-TwitterClone.release.xcconfig */ = {isa = PBXFileReference; includeInIndex = 1; lastKnownFileType = text.xcconfig; name = "Pods-TwitterClone.release.xcconfig"; path = "Pods/Target Support Files/Pods-TwitterClone/Pods-TwitterClone.release.xcconfig"; sourceTree = "<group>"; };
		6EC88A72C04D97C719D08DB2 /* Pods_TwitterClone.framework */ = {isa = PBXFileReference; explicitFileType = wrapper.framework; includeInIndex = 0; path = Pods_TwitterClone.framework; sourceTree = BUILT_PRODUCTS_DIR; };
		7D7C7E991DC51E8300BBAFCC /* TweetsViewController.swift */ = {isa = PBXFileReference; fileEncoding = 4; lastKnownFileType = sourcecode.swift; path = TweetsViewController.swift; sourceTree = "<group>"; };
		7D7C7E9B1DC5309B00BBAFCC /* TwitterClone.entitlements */ = {isa = PBXFileReference; lastKnownFileType = text.plist.entitlements; path = TwitterClone.entitlements; sourceTree = "<group>"; };
		7D7C7E9C1DC5C49600BBAFCC /* TweetCell.swift */ = {isa = PBXFileReference; fileEncoding = 4; lastKnownFileType = sourcecode.swift; path = TweetCell.swift; sourceTree = "<group>"; };
		7D7C7E9F1DC5E7D800BBAFCC /* UIColor+Twitter.swift */ = {isa = PBXFileReference; fileEncoding = 4; lastKnownFileType = sourcecode.swift; path = "UIColor+Twitter.swift"; sourceTree = "<group>"; };
		7D9BF41C1DC1CCAB000B3833 /* LoginViewController.swift */ = {isa = PBXFileReference; fileEncoding = 4; lastKnownFileType = sourcecode.swift; path = LoginViewController.swift; sourceTree = "<group>"; };
		7DBA1C8B1DCD70310000EFB3 /* HamburgerViewController.swift */ = {isa = PBXFileReference; fileEncoding = 4; lastKnownFileType = sourcecode.swift; path = HamburgerViewController.swift; sourceTree = "<group>"; };
		7DBA1C8D1DCD8CA20000EFB3 /* MenuViewController.swift */ = {isa = PBXFileReference; fileEncoding = 4; lastKnownFileType = sourcecode.swift; path = MenuViewController.swift; sourceTree = "<group>"; };
		7DBA1C8F1DCD90140000EFB3 /* ProfileViewController.swift */ = {isa = PBXFileReference; fileEncoding = 4; lastKnownFileType = sourcecode.swift; path = ProfileViewController.swift; sourceTree = "<group>"; };
		7DBA1C911DCD90350000EFB3 /* MentionsViewController.swift */ = {isa = PBXFileReference; fileEncoding = 4; lastKnownFileType = sourcecode.swift; path = MentionsViewController.swift; sourceTree = "<group>"; };
		7DBA1C931DCD92E00000EFB3 /* MenuCell.swift */ = {isa = PBXFileReference; fileEncoding = 4; lastKnownFileType = sourcecode.swift; path = MenuCell.swift; sourceTree = "<group>"; };
		7DBEDCFC1DC1C8AA00CAC6D3 /* TwitterClone.app */ = {isa = PBXFileReference; explicitFileType = wrapper.application; includeInIndex = 0; path = TwitterClone.app; sourceTree = BUILT_PRODUCTS_DIR; };
		7DBEDCFF1DC1C8AA00CAC6D3 /* AppDelegate.swift */ = {isa = PBXFileReference; lastKnownFileType = sourcecode.swift; path = AppDelegate.swift; sourceTree = "<group>"; };
		7DBEDD041DC1C8AA00CAC6D3 /* Base */ = {isa = PBXFileReference; lastKnownFileType = file.storyboard; name = Base; path = Base.lproj/Main.storyboard; sourceTree = "<group>"; };
		7DBEDD061DC1C8AA00CAC6D3 /* Assets.xcassets */ = {isa = PBXFileReference; lastKnownFileType = folder.assetcatalog; path = Assets.xcassets; sourceTree = "<group>"; };
		7DBEDD091DC1C8AA00CAC6D3 /* Base */ = {isa = PBXFileReference; lastKnownFileType = file.storyboard; name = Base; path = Base.lproj/LaunchScreen.storyboard; sourceTree = "<group>"; };
		7DBEDD0B1DC1C8AA00CAC6D3 /* Info.plist */ = {isa = PBXFileReference; lastKnownFileType = text.plist.xml; path = Info.plist; sourceTree = "<group>"; };
		7DC3AC8C1DC328C2004353C2 /* User.swift */ = {isa = PBXFileReference; fileEncoding = 4; lastKnownFileType = sourcecode.swift; path = User.swift; sourceTree = "<group>"; };
		7DC3AC8E1DC328D6004353C2 /* Tweet.swift */ = {isa = PBXFileReference; fileEncoding = 4; lastKnownFileType = sourcecode.swift; path = Tweet.swift; sourceTree = "<group>"; };
		7DC3AC921DC413EA004353C2 /* TwitterClient.swift */ = {isa = PBXFileReference; fileEncoding = 4; lastKnownFileType = sourcecode.swift; path = TwitterClient.swift; sourceTree = "<group>"; };
		7DCBFDED1DC69A78006C6178 /* ReplyTweetFirstCell.swift */ = {isa = PBXFileReference; fileEncoding = 4; lastKnownFileType = sourcecode.swift; path = ReplyTweetFirstCell.swift; sourceTree = "<group>"; };
		7DCBFDF31DC69B34006C6178 /* NewTweetViewController.swift */ = {isa = PBXFileReference; fileEncoding = 4; lastKnownFileType = sourcecode.swift; path = NewTweetViewController.swift; sourceTree = "<group>"; };
		7DF8FD021DC6BC2300EB5CD9 /* DetailTweetViewController.swift */ = {isa = PBXFileReference; fileEncoding = 4; lastKnownFileType = sourcecode.swift; path = DetailTweetViewController.swift; sourceTree = "<group>"; };
		A6E2C30E42710A54F1D9A611 /* Pods-TwitterClone.debug.xcconfig */ = {isa = PBXFileReference; includeInIndex = 1; lastKnownFileType = text.xcconfig; name = "Pods-TwitterClone.debug.xcconfig"; path = "Pods/Target Support Files/Pods-TwitterClone/Pods-TwitterClone.debug.xcconfig"; sourceTree = "<group>"; };
/* End PBXFileReference section */

/* Begin PBXFrameworksBuildPhase section */
		7DBEDCF91DC1C8AA00CAC6D3 /* Frameworks */ = {
			isa = PBXFrameworksBuildPhase;
			buildActionMask = 2147483647;
			files = (
				C043D4803F6F0D9919095BE6 /* Pods_TwitterClone.framework in Frameworks */,
			);
			runOnlyForDeploymentPostprocessing = 0;
		};
/* End PBXFrameworksBuildPhase section */

/* Begin PBXGroup section */
		20DF52CDBB7A2C7B5B2E8356 /* Pods */ = {
			isa = PBXGroup;
			children = (
				A6E2C30E42710A54F1D9A611 /* Pods-TwitterClone.debug.xcconfig */,
				2E6FE966D4824FF6D593EA74 /* Pods-TwitterClone.release.xcconfig */,
			);
			name = Pods;
			sourceTree = "<group>";
		};
		2C5C0007B15D0A20CD120D98 /* Frameworks */ = {
			isa = PBXGroup;
			children = (
				6EC88A72C04D97C719D08DB2 /* Pods_TwitterClone.framework */,
			);
			name = Frameworks;
			sourceTree = "<group>";
		};
		7D7C7E9E1DC5E7A100BBAFCC /* Helpers */ = {
			isa = PBXGroup;
			children = (
				7D7C7E9F1DC5E7D800BBAFCC /* UIColor+Twitter.swift */,
			);
			name = Helpers;
			sourceTree = "<group>";
		};
		7D9BF41B1DC1CC83000B3833 /* ViewControllers */ = {
			isa = PBXGroup;
			children = (
				7D9BF41C1DC1CCAB000B3833 /* LoginViewController.swift */,
				7D7C7E991DC51E8300BBAFCC /* TweetsViewController.swift */,
				7DCBFDF31DC69B34006C6178 /* NewTweetViewController.swift */,
				7DF8FD021DC6BC2300EB5CD9 /* DetailTweetViewController.swift */,
				7DBA1C8B1DCD70310000EFB3 /* HamburgerViewController.swift */,
				7DBA1C8D1DCD8CA20000EFB3 /* MenuViewController.swift */,
				7DBA1C8F1DCD90140000EFB3 /* ProfileViewController.swift */,
				7DBA1C911DCD90350000EFB3 /* MentionsViewController.swift */,
			);
			name = ViewControllers;
			sourceTree = "<group>";
		};
		7DBEDCF31DC1C8AA00CAC6D3 = {
			isa = PBXGroup;
			children = (
				7DBEDCFE1DC1C8AA00CAC6D3 /* TwitterClone */,
				7DBEDCFD1DC1C8AA00CAC6D3 /* Products */,
				20DF52CDBB7A2C7B5B2E8356 /* Pods */,
				2C5C0007B15D0A20CD120D98 /* Frameworks */,
			);
			sourceTree = "<group>";
		};
		7DBEDCFD1DC1C8AA00CAC6D3 /* Products */ = {
			isa = PBXGroup;
			children = (
				7DBEDCFC1DC1C8AA00CAC6D3 /* TwitterClone.app */,
			);
			name = Products;
			sourceTree = "<group>";
		};
		7DBEDCFE1DC1C8AA00CAC6D3 /* TwitterClone */ = {
			isa = PBXGroup;
			children = (
				7D7C7E9E1DC5E7A100BBAFCC /* Helpers */,
				7D7C7E9B1DC5309B00BBAFCC /* TwitterClone.entitlements */,
				7DC3AC911DC413C9004353C2 /* API */,
				7DC3AC8B1DC328AC004353C2 /* Views */,
				7DC3AC8A1DC328A4004353C2 /* Models */,
				7D9BF41B1DC1CC83000B3833 /* ViewControllers */,
				7DBEDCFF1DC1C8AA00CAC6D3 /* AppDelegate.swift */,
				7DBEDD031DC1C8AA00CAC6D3 /* Main.storyboard */,
				7DBEDD061DC1C8AA00CAC6D3 /* Assets.xcassets */,
				7DBEDD081DC1C8AA00CAC6D3 /* LaunchScreen.storyboard */,
				7DBEDD0B1DC1C8AA00CAC6D3 /* Info.plist */,
			);
			path = TwitterClone;
			sourceTree = "<group>";
		};
		7DC3AC8A1DC328A4004353C2 /* Models */ = {
			isa = PBXGroup;
			children = (
				7DC3AC8C1DC328C2004353C2 /* User.swift */,
				7DC3AC8E1DC328D6004353C2 /* Tweet.swift */,
			);
			name = Models;
			sourceTree = "<group>";
		};
		7DC3AC8B1DC328AC004353C2 /* Views */ = {
			isa = PBXGroup;
			children = (
				7D7C7E9C1DC5C49600BBAFCC /* TweetCell.swift */,
				7DCBFDED1DC69A78006C6178 /* ReplyTweetFirstCell.swift */,
				7DBA1C931DCD92E00000EFB3 /* MenuCell.swift */,
			);
			name = Views;
			sourceTree = "<group>";
		};
		7DC3AC911DC413C9004353C2 /* API */ = {
			isa = PBXGroup;
			children = (
				7DC3AC921DC413EA004353C2 /* TwitterClient.swift */,
			);
			name = API;
			sourceTree = "<group>";
		};
/* End PBXGroup section */

/* Begin PBXNativeTarget section */
		7DBEDCFB1DC1C8AA00CAC6D3 /* TwitterClone */ = {
			isa = PBXNativeTarget;
			buildConfigurationList = 7DBEDD0E1DC1C8AA00CAC6D3 /* Build configuration list for PBXNativeTarget "TwitterClone" */;
			buildPhases = (
				31A69B19B46904CFC6928A71 /* [CP] Check Pods Manifest.lock */,
				7DBEDCF81DC1C8AA00CAC6D3 /* Sources */,
				7DBEDCF91DC1C8AA00CAC6D3 /* Frameworks */,
				7DBEDCFA1DC1C8AA00CAC6D3 /* Resources */,
				8E1C0D09A01623D8CAA44B32 /* [CP] Embed Pods Frameworks */,
				64D4CCEA1D9F6A6BF026AB53 /* [CP] Copy Pods Resources */,
			);
			buildRules = (
			);
			dependencies = (
			);
			name = TwitterClone;
			productName = TwitterClone;
			productReference = 7DBEDCFC1DC1C8AA00CAC6D3 /* TwitterClone.app */;
			productType = "com.apple.product-type.application";
		};
/* End PBXNativeTarget section */

/* Begin PBXProject section */
		7DBEDCF41DC1C8AA00CAC6D3 /* Project object */ = {
			isa = PBXProject;
			attributes = {
				LastSwiftUpdateCheck = 0800;
				LastUpgradeCheck = 0800;
				ORGANIZATIONNAME = "Anastasia Blodgett";
				TargetAttributes = {
					7DBEDCFB1DC1C8AA00CAC6D3 = {
						CreatedOnToolsVersion = 8.0;
						DevelopmentTeam = 5Y44Y2GF76;
						LastSwiftMigration = 0800;
						ProvisioningStyle = Automatic;
						SystemCapabilities = {
							com.apple.Keychain = {
								enabled = 1;
							};
						};
					};
				};
			};
			buildConfigurationList = 7DBEDCF71DC1C8AA00CAC6D3 /* Build configuration list for PBXProject "TwitterClone" */;
			compatibilityVersion = "Xcode 3.2";
			developmentRegion = English;
			hasScannedForEncodings = 0;
			knownRegions = (
				en,
				Base,
			);
			mainGroup = 7DBEDCF31DC1C8AA00CAC6D3;
			productRefGroup = 7DBEDCFD1DC1C8AA00CAC6D3 /* Products */;
			projectDirPath = "";
			projectRoot = "";
			targets = (
				7DBEDCFB1DC1C8AA00CAC6D3 /* TwitterClone */,
			);
		};
/* End PBXProject section */

/* Begin PBXResourcesBuildPhase section */
		7DBEDCFA1DC1C8AA00CAC6D3 /* Resources */ = {
			isa = PBXResourcesBuildPhase;
			buildActionMask = 2147483647;
			files = (
				7DBEDD0A1DC1C8AA00CAC6D3 /* LaunchScreen.storyboard in Resources */,
				7DBEDD071DC1C8AA00CAC6D3 /* Assets.xcassets in Resources */,
				7DBEDD051DC1C8AA00CAC6D3 /* Main.storyboard in Resources */,
			);
			runOnlyForDeploymentPostprocessing = 0;
		};
/* End PBXResourcesBuildPhase section */

/* Begin PBXShellScriptBuildPhase section */
		31A69B19B46904CFC6928A71 /* [CP] Check Pods Manifest.lock */ = {
			isa = PBXShellScriptBuildPhase;
			buildActionMask = 2147483647;
			files = (
			);
			inputPaths = (
			);
			name = "[CP] Check Pods Manifest.lock";
			outputPaths = (
			);
			runOnlyForDeploymentPostprocessing = 0;
			shellPath = /bin/sh;
			shellScript = "diff \"${PODS_ROOT}/../Podfile.lock\" \"${PODS_ROOT}/Manifest.lock\" > /dev/null\nif [ $? != 0 ] ; then\n    # print error to STDERR\n    echo \"error: The sandbox is not in sync with the Podfile.lock. Run 'pod install' or update your CocoaPods installation.\" >&2\n    exit 1\nfi\n";
			showEnvVarsInLog = 0;
		};
		64D4CCEA1D9F6A6BF026AB53 /* [CP] Copy Pods Resources */ = {
			isa = PBXShellScriptBuildPhase;
			buildActionMask = 2147483647;
			files = (
			);
			inputPaths = (
			);
			name = "[CP] Copy Pods Resources";
			outputPaths = (
			);
			runOnlyForDeploymentPostprocessing = 0;
			shellPath = /bin/sh;
			shellScript = "\"${SRCROOT}/Pods/Target Support Files/Pods-TwitterClone/Pods-TwitterClone-resources.sh\"\n";
			showEnvVarsInLog = 0;
		};
		8E1C0D09A01623D8CAA44B32 /* [CP] Embed Pods Frameworks */ = {
			isa = PBXShellScriptBuildPhase;
			buildActionMask = 2147483647;
			files = (
			);
			inputPaths = (
			);
			name = "[CP] Embed Pods Frameworks";
			outputPaths = (
			);
			runOnlyForDeploymentPostprocessing = 0;
			shellPath = /bin/sh;
			shellScript = "\"${SRCROOT}/Pods/Target Support Files/Pods-TwitterClone/Pods-TwitterClone-frameworks.sh\"\n";
			showEnvVarsInLog = 0;
		};
/* End PBXShellScriptBuildPhase section */

/* Begin PBXSourcesBuildPhase section */
		7DBEDCF81DC1C8AA00CAC6D3 /* Sources */ = {
			isa = PBXSourcesBuildPhase;
			buildActionMask = 2147483647;
			files = (
				7DBA1C8C1DCD70310000EFB3 /* HamburgerViewController.swift in Sources */,
				7DCBFDF41DC69B34006C6178 /* NewTweetViewController.swift in Sources */,
				7DC3AC931DC413EA004353C2 /* TwitterClient.swift in Sources */,
				7DCBFDEE1DC69A78006C6178 /* ReplyTweetFirstCell.swift in Sources */,
				7DBA1C901DCD90140000EFB3 /* ProfileViewController.swift in Sources */,
				7D7C7E9D1DC5C49600BBAFCC /* TweetCell.swift in Sources */,
				7D9BF41D1DC1CCAB000B3833 /* LoginViewController.swift in Sources */,
				7D7C7EA01DC5E7D800BBAFCC /* UIColor+Twitter.swift in Sources */,
				7DBA1C921DCD90350000EFB3 /* MentionsViewController.swift in Sources */,
				7DBA1C8E1DCD8CA20000EFB3 /* MenuViewController.swift in Sources */,
				7DF8FD031DC6BC2300EB5CD9 /* DetailTweetViewController.swift in Sources */,
				7D7C7E9A1DC51E8300BBAFCC /* TweetsViewController.swift in Sources */,
				7DBEDD001DC1C8AA00CAC6D3 /* AppDelegate.swift in Sources */,
				7DC3AC8D1DC328C2004353C2 /* User.swift in Sources */,
				7DBA1C941DCD92E00000EFB3 /* MenuCell.swift in Sources */,
				7DC3AC8F1DC328D6004353C2 /* Tweet.swift in Sources */,
			);
			runOnlyForDeploymentPostprocessing = 0;
		};
/* End PBXSourcesBuildPhase section */

/* Begin PBXVariantGroup section */
		7DBEDD031DC1C8AA00CAC6D3 /* Main.storyboard */ = {
			isa = PBXVariantGroup;
			children = (
				7DBEDD041DC1C8AA00CAC6D3 /* Base */,
			);
			name = Main.storyboard;
			sourceTree = "<group>";
		};
		7DBEDD081DC1C8AA00CAC6D3 /* LaunchScreen.storyboard */ = {
			isa = PBXVariantGroup;
			children = (
				7DBEDD091DC1C8AA00CAC6D3 /* Base */,
			);
			name = LaunchScreen.storyboard;
			sourceTree = "<group>";
		};
/* End PBXVariantGroup section */

/* Begin XCBuildConfiguration section */
		7DBEDD0C1DC1C8AA00CAC6D3 /* Debug */ = {
			isa = XCBuildConfiguration;
			buildSettings = {
				ALWAYS_SEARCH_USER_PATHS = NO;
				CLANG_ANALYZER_NONNULL = YES;
				CLANG_CXX_LANGUAGE_STANDARD = "gnu++0x";
				CLANG_CXX_LIBRARY = "libc++";
				CLANG_ENABLE_MODULES = YES;
				CLANG_ENABLE_OBJC_ARC = YES;
				CLANG_WARN_BOOL_CONVERSION = YES;
				CLANG_WARN_CONSTANT_CONVERSION = YES;
				CLANG_WARN_DIRECT_OBJC_ISA_USAGE = YES_ERROR;
				CLANG_WARN_DOCUMENTATION_COMMENTS = YES;
				CLANG_WARN_EMPTY_BODY = YES;
				CLANG_WARN_ENUM_CONVERSION = YES;
				CLANG_WARN_INFINITE_RECURSION = YES;
				CLANG_WARN_INT_CONVERSION = YES;
				CLANG_WARN_OBJC_ROOT_CLASS = YES_ERROR;
				CLANG_WARN_SUSPICIOUS_MOVES = YES;
				CLANG_WARN_UNREACHABLE_CODE = YES;
				CLANG_WARN__DUPLICATE_METHOD_MATCH = YES;
				"CODE_SIGN_IDENTITY[sdk=iphoneos*]" = "iPhone Developer";
				COPY_PHASE_STRIP = NO;
				DEBUG_INFORMATION_FORMAT = dwarf;
				ENABLE_STRICT_OBJC_MSGSEND = YES;
				ENABLE_TESTABILITY = YES;
				GCC_C_LANGUAGE_STANDARD = gnu99;
				GCC_DYNAMIC_NO_PIC = NO;
				GCC_NO_COMMON_BLOCKS = YES;
				GCC_OPTIMIZATION_LEVEL = 0;
				GCC_PREPROCESSOR_DEFINITIONS = (
					"DEBUG=1",
					"$(inherited)",
				);
				GCC_WARN_64_TO_32_BIT_CONVERSION = YES;
				GCC_WARN_ABOUT_RETURN_TYPE = YES_ERROR;
				GCC_WARN_UNDECLARED_SELECTOR = YES;
				GCC_WARN_UNINITIALIZED_AUTOS = YES_AGGRESSIVE;
				GCC_WARN_UNUSED_FUNCTION = YES;
				GCC_WARN_UNUSED_VARIABLE = YES;
				IPHONEOS_DEPLOYMENT_TARGET = 10.0;
				MTL_ENABLE_DEBUG_INFO = YES;
				ONLY_ACTIVE_ARCH = YES;
				SDKROOT = iphoneos;
				SWIFT_ACTIVE_COMPILATION_CONDITIONS = DEBUG;
				SWIFT_OPTIMIZATION_LEVEL = "-Onone";
			};
			name = Debug;
		};
		7DBEDD0D1DC1C8AA00CAC6D3 /* Release */ = {
			isa = XCBuildConfiguration;
			buildSettings = {
				ALWAYS_SEARCH_USER_PATHS = NO;
				CLANG_ANALYZER_NONNULL = YES;
				CLANG_CXX_LANGUAGE_STANDARD = "gnu++0x";
				CLANG_CXX_LIBRARY = "libc++";
				CLANG_ENABLE_MODULES = YES;
				CLANG_ENABLE_OBJC_ARC = YES;
				CLANG_WARN_BOOL_CONVERSION = YES;
				CLANG_WARN_CONSTANT_CONVERSION = YES;
				CLANG_WARN_DIRECT_OBJC_ISA_USAGE = YES_ERROR;
				CLANG_WARN_DOCUMENTATION_COMMENTS = YES;
				CLANG_WARN_EMPTY_BODY = YES;
				CLANG_WARN_ENUM_CONVERSION = YES;
				CLANG_WARN_INFINITE_RECURSION = YES;
				CLANG_WARN_INT_CONVERSION = YES;
				CLANG_WARN_OBJC_ROOT_CLASS = YES_ERROR;
				CLANG_WARN_SUSPICIOUS_MOVES = YES;
				CLANG_WARN_UNREACHABLE_CODE = YES;
				CLANG_WARN__DUPLICATE_METHOD_MATCH = YES;
				"CODE_SIGN_IDENTITY[sdk=iphoneos*]" = "iPhone Developer";
				COPY_PHASE_STRIP = NO;
				DEBUG_INFORMATION_FORMAT = "dwarf-with-dsym";
				ENABLE_NS_ASSERTIONS = NO;
				ENABLE_STRICT_OBJC_MSGSEND = YES;
				GCC_C_LANGUAGE_STANDARD = gnu99;
				GCC_NO_COMMON_BLOCKS = YES;
				GCC_WARN_64_TO_32_BIT_CONVERSION = YES;
				GCC_WARN_ABOUT_RETURN_TYPE = YES_ERROR;
				GCC_WARN_UNDECLARED_SELECTOR = YES;
				GCC_WARN_UNINITIALIZED_AUTOS = YES_AGGRESSIVE;
				GCC_WARN_UNUSED_FUNCTION = YES;
				GCC_WARN_UNUSED_VARIABLE = YES;
				IPHONEOS_DEPLOYMENT_TARGET = 10.0;
				MTL_ENABLE_DEBUG_INFO = NO;
				SDKROOT = iphoneos;
				SWIFT_OPTIMIZATION_LEVEL = "-Owholemodule";
				VALIDATE_PRODUCT = YES;
			};
			name = Release;
		};
		7DBEDD0F1DC1C8AA00CAC6D3 /* Debug */ = {
			isa = XCBuildConfiguration;
			baseConfigurationReference = A6E2C30E42710A54F1D9A611 /* Pods-TwitterClone.debug.xcconfig */;
			buildSettings = {
				ASSETCATALOG_COMPILER_APPICON_NAME = AppIcon;
				CODE_SIGN_ENTITLEMENTS = TwitterClone/TwitterClone.entitlements;
				DEVELOPMENT_TEAM = 5Y44Y2GF76;
				INFOPLIST_FILE = TwitterClone/Info.plist;
				LD_RUNPATH_SEARCH_PATHS = "$(inherited) @executable_path/Frameworks";
				PRODUCT_BUNDLE_IDENTIFIER = com.blodgett.TwitterClone;
				PRODUCT_NAME = "$(TARGET_NAME)";
				SWIFT_VERSION = 3.0;
			};
			name = Debug;
		};
		7DBEDD101DC1C8AA00CAC6D3 /* Release */ = {
			isa = XCBuildConfiguration;
			baseConfigurationReference = 2E6FE966D4824FF6D593EA74 /* Pods-TwitterClone.release.xcconfig */;
			buildSettings = {
				ASSETCATALOG_COMPILER_APPICON_NAME = AppIcon;
				CODE_SIGN_ENTITLEMENTS = TwitterClone/TwitterClone.entitlements;
				DEVELOPMENT_TEAM = 5Y44Y2GF76;
				INFOPLIST_FILE = TwitterClone/Info.plist;
				LD_RUNPATH_SEARCH_PATHS = "$(inherited) @executable_path/Frameworks";
				PRODUCT_BUNDLE_IDENTIFIER = com.blodgett.TwitterClone;
				PRODUCT_NAME = "$(TARGET_NAME)";
				SWIFT_VERSION = 3.0;
			};
			name = Release;
		};
/* End XCBuildConfiguration section */

/* Begin XCConfigurationList section */
		7DBEDCF71DC1C8AA00CAC6D3 /* Build configuration list for PBXProject "TwitterClone" */ = {
			isa = XCConfigurationList;
			buildConfigurations = (
				7DBEDD0C1DC1C8AA00CAC6D3 /* Debug */,
				7DBEDD0D1DC1C8AA00CAC6D3 /* Release */,
			);
			defaultConfigurationIsVisible = 0;
			defaultConfigurationName = Release;
		};
		7DBEDD0E1DC1C8AA00CAC6D3 /* Build configuration list for PBXNativeTarget "TwitterClone" */ = {
			isa = XCConfigurationList;
			buildConfigurations = (
				7DBEDD0F1DC1C8AA00CAC6D3 /* Debug */,
				7DBEDD101DC1C8AA00CAC6D3 /* Release */,
			);
			defaultConfigurationIsVisible = 0;
			defaultConfigurationName = Release;
		};
/* End XCConfigurationList section */
	};
	rootObject = 7DBEDCF41DC1C8AA00CAC6D3 /* Project object */;
}
